<?xml version="1.0" encoding="utf-8"?>
<Project ToolsVersion="4.0" xmlns="http://schemas.microsoft.com/developer/msbuild/2003">
  <ItemGroup>
    <Filter Include="Source Files">
      <UniqueIdentifier>{4FC737F1-C7A5-4376-A066-2A32D752A2FF}</UniqueIdentifier>
      <Extensions>cpp;c;cc;cxx;def;odl;idl;hpj;bat;asm;asmx</Extensions>
    </Filter>
    <Filter Include="Header Files">
      <UniqueIdentifier>{93995380-89BD-4b04-88EB-625FBE52EBFB}</UniqueIdentifier>
      <Extensions>h;hh;hpp;hxx;hm;inl;inc;xsd</Extensions>
    </Filter>
    <Filter Include="Resource Files">
      <UniqueIdentifier>{67DA6AB6-F800-4c08-8B7A-83BB121AAD01}</UniqueIdentifier>
      <Extensions>rc;ico;cur;bmp;dlg;rc2;rct;bin;rgs;gif;jpg;jpeg;jpe;resx;tiff;tif;png;wav</Extensions>
    </Filter>
    <Filter Include="Header Files\csvm">
      <UniqueIdentifier>{0e0afb0a-055c-4657-8f4c-a7cddcbce71b}</UniqueIdentifier>
    </Filter>
    <Filter Include="Header Files\lodepng">
      <UniqueIdentifier>{b9888904-ce71-4dbe-b498-9ed5f003b501}</UniqueIdentifier>
    </Filter>
    <Filter Include="Source Files\csvm">
      <UniqueIdentifier>{abc32341-07aa-4a48-b3eb-a1c77a7c8d5e}</UniqueIdentifier>
    </Filter>
    <Filter Include="Source Files\lodepng">
      <UniqueIdentifier>{916b2414-69fe-470f-b254-44e59e2ed631}</UniqueIdentifier>
    </Filter>
  </ItemGroup>
  <ItemGroup>
    <ClCompile Include="src\main.cc">
      <Filter>Source Files</Filter>
    </ClCompile>
    <ClCompile Include="src\csvm\csvm_frequency_matrix.cc">
      <Filter>Source Files\csvm</Filter>
    </ClCompile>
    <ClCompile Include="src\csvm\csvm_hog_descriptor.cc">
      <Filter>Source Files\csvm</Filter>
    </ClCompile>
    <ClCompile Include="src\csvm\csvm_image.cc">
      <Filter>Source Files\csvm</Filter>
    </ClCompile>
    <ClCompile Include="src\csvm\csvm_image_scanner.cc">
      <Filter>Source Files\csvm</Filter>
    </ClCompile>
    <ClCompile Include="src\lodepng\lodepng.cc">
      <Filter>Source Files\lodepng</Filter>
    </ClCompile>
  </ItemGroup>
  <ItemGroup>
    <ClInclude Include="include\csvm\csvm.h">
      <Filter>Header Files\csvm</Filter>
    </ClInclude>
    <ClInclude Include="include\csvm\csvm_frequency_matrix.h">
      <Filter>Header Files\csvm</Filter>
    </ClInclude>
    <ClInclude Include="include\csvm\csvm_hog_descriptor.h">
      <Filter>Header Files\csvm</Filter>
    </ClInclude>
    <ClInclude Include="include\csvm\csvm_image.h">
      <Filter>Header Files\csvm</Filter>
    </ClInclude>
    <ClInclude Include="include\csvm\csvm_image_scanner.h">
      <Filter>Header Files\csvm</Filter>
    </ClInclude>
    <ClInclude Include="include\csvm\csvm_kmeans.h">
      <Filter>Header Files\csvm</Filter>
    </ClInclude>
    <ClInclude Include="include\csvm\csvm_lvq.h">
      <Filter>Header Files\csvm</Filter>
    </ClInclude>
    <ClInclude Include="include\lodepng\lodepng.h">
      <Filter>Header Files\lodepng</Filter>
    </ClInclude>
  </ItemGroup>
</Project>